
Microsoft Visual Studio Solution File, Format Version 12.00
# Visual Studio Version 17
VisualStudioVersion = 17.7.34221.43
MinimumVisualStudioVersion = 10.0.40219.1
Project("{FAE04EC0-301F-11D3-BF4B-00C04F79EFBC}") = "Assignment19", "Assignment19\Assignment19.csproj", "{7D106477-940D-44C8-A671-01D8A855C34E}"
EndProject
Global
	GlobalSection(SolutionConfigurationPlatforms) = preSolution
		Debug|Any CPU = Debug|Any CPU
		Release|Any CPU = Release|Any CPU
	EndGlobalSection
	GlobalSection(ProjectConfigurationPlatforms) = postSolution
		{7D106477-940D-44C8-A671-01D8A855C34E}.Debug|Any CPU.ActiveCfg = Debug|Any CPU
		{7D106477-940D-44C8-A671-01D8A855C34E}.Debug|Any CPU.Build.0 = Debug|Any CPU
		{7D106477-940D-44C8-A671-01D8A855C34E}.Release|Any CPU.ActiveCfg = Release|Any CPU
		{7D106477-940D-44C8-A671-01D8A855C34E}.Release|Any CPU.Build.0 = Release|Any CPU
	EndGlobalSection
	GlobalSection(SolutionProperties) = preSolution
		HideSolutionNode = FALSE
	EndGlobalSection
	GlobalSection(ExtensibilityGlobals) = postSolution
		SolutionGuid = {F685DB3C-62A6-4ED9-A3D8-3F1027B8575C}
	EndGlobalSection
EndGlobal
