
Microsoft Visual Studio Solution File, Format Version 12.00
# Visual Studio Version 17
VisualStudioVersion = 17.7.34221.43
MinimumVisualStudioVersion = 10.0.40219.1
Project("{FAE04EC0-301F-11D3-BF4B-00C04F79EFBC}") = "ShapeAreaLib", "ShapeAreaLib\ShapeAreaLib.csproj", "{43B80D9C-4C47-45E8-B27C-DDCC09488499}"
EndProject
Global
	GlobalSection(SolutionConfigurationPlatforms) = preSolution
		Debug|Any CPU = Debug|Any CPU
		Release|Any CPU = Release|Any CPU
	EndGlobalSection
	GlobalSection(ProjectConfigurationPlatforms) = postSolution
		{43B80D9C-4C47-45E8-B27C-DDCC09488499}.Debug|Any CPU.ActiveCfg = Debug|Any CPU
		{43B80D9C-4C47-45E8-B27C-DDCC09488499}.Debug|Any CPU.Build.0 = Debug|Any CPU
		{43B80D9C-4C47-45E8-B27C-DDCC09488499}.Release|Any CPU.ActiveCfg = Release|Any CPU
		{43B80D9C-4C47-45E8-B27C-DDCC09488499}.Release|Any CPU.Build.0 = Release|Any CPU
	EndGlobalSection
	GlobalSection(SolutionProperties) = preSolution
		HideSolutionNode = FALSE
	EndGlobalSection
	GlobalSection(ExtensibilityGlobals) = postSolution
		SolutionGuid = {68378463-EB05-49CD-998E-6F1681C4C827}
	EndGlobalSection
EndGlobal
